
Microsoft Visual Studio Solution File, Format Version 12.00
# Visual Studio Version 16
VisualStudioVersion = 16.0.29806.167
MinimumVisualStudioVersion = 10.0.40219.1
Project("{8BC9CEB8-8B4A-11D0-8D11-00A0C91BC942}") = "0407_윈도우좌표_논리적좌표_변환", "0407_윈도우좌표_논리적좌표_변환\0407_윈도우좌표_논리적좌표_변환.vcxproj", "{8B2BCABD-BBDA-469B-B9C2-5C73F2B52EA1}"
EndProject
Global
	GlobalSection(SolutionConfigurationPlatforms) = preSolution
		Debug|x64 = Debug|x64
		Debug|x86 = Debug|x86
		Release|x64 = Release|x64
		Release|x86 = Release|x86
	EndGlobalSection
	GlobalSection(ProjectConfigurationPlatforms) = postSolution
		{8B2BCABD-BBDA-469B-B9C2-5C73F2B52EA1}.Debug|x64.ActiveCfg = Debug|x64
		{8B2BCABD-BBDA-469B-B9C2-5C73F2B52EA1}.Debug|x64.Build.0 = Debug|x64
		{8B2BCABD-BBDA-469B-B9C2-5C73F2B52EA1}.Debug|x86.ActiveCfg = Debug|Win32
		{8B2BCABD-BBDA-469B-B9C2-5C73F2B52EA1}.Debug|x86.Build.0 = Debug|Win32
		{8B2BCABD-BBDA-469B-B9C2-5C73F2B52EA1}.Release|x64.ActiveCfg = Release|x64
		{8B2BCABD-BBDA-469B-B9C2-5C73F2B52EA1}.Release|x64.Build.0 = Release|x64
		{8B2BCABD-BBDA-469B-B9C2-5C73F2B52EA1}.Release|x86.ActiveCfg = Release|Win32
		{8B2BCABD-BBDA-469B-B9C2-5C73F2B52EA1}.Release|x86.Build.0 = Release|Win32
	EndGlobalSection
	GlobalSection(SolutionProperties) = preSolution
		HideSolutionNode = FALSE
	EndGlobalSection
	GlobalSection(ExtensibilityGlobals) = postSolution
		SolutionGuid = {D255F459-F397-437D-8249-677DAA921AA0}
	EndGlobalSection
EndGlobal
